// !$*UTF8*$!
{
	archiveVersion = 1;
	classes = {
	};
	objectVersion = 46;
	objects = {

/* Begin PBXBuildFile section */
		03AF74281F53DA8C00F89D7F /* main.m in Sources */ = {isa = PBXBuildFile; fileRef = 03AF74271F53DA8C00F89D7F /* main.m */; };
		03AF742B1F53DA8C00F89D7F /* AppDelegate.m in Sources */ = {isa = PBXBuildFile; fileRef = 03AF742A1F53DA8C00F89D7F /* AppDelegate.m */; };
		03AF742E1F53DA8C00F89D7F /* ViewController.m in Sources */ = {isa = PBXBuildFile; fileRef = 03AF742D1F53DA8C00F89D7F /* ViewController.m */; };
		03AF74311F53DA8C00F89D7F /* Main.storyboard in Resources */ = {isa = PBXBuildFile; fileRef = 03AF742F1F53DA8C00F89D7F /* Main.storyboard */; };
		03AF74331F53DA8C00F89D7F /* Assets.xcassets in Resources */ = {isa = PBXBuildFile; fileRef = 03AF74321F53DA8C00F89D7F /* Assets.xcassets */; };
		03AF74361F53DA8C00F89D7F /* LaunchScreen.storyboard in Resources */ = {isa = PBXBuildFile; fileRef = 03AF74341F53DA8C00F89D7F /* LaunchScreen.storyboard */; };
		03AF74411F53DA8D00F89D7F /* testTests.m in Sources */ = {isa = PBXBuildFile; fileRef = 03AF74401F53DA8D00F89D7F /* testTests.m */; };
		03AF744C1F53DA8D00F89D7F /* testUITests.m in Sources */ = {isa = PBXBuildFile; fileRef = 03AF744B1F53DA8D00F89D7F /* testUITests.m */; };
		03AF745C1F53DB0B00F89D7F /* YBView.m in Sources */ = {isa = PBXBuildFile; fileRef = 03AF745B1F53DB0B00F89D7F /* YBView.m */; };
		03AF74651F53E1E500F89D7F /* YBView+Category.m in Sources */ = {isa = PBXBuildFile; fileRef = 03AF74641F53E1E500F89D7F /* YBView+Category.m */; };
		03AF746E1F541E8200F89D7F /* NSObject+Associated.m in Sources */ = {isa = PBXBuildFile; fileRef = 03AF746C1F541E8200F89D7F /* NSObject+Associated.m */; };
/* End PBXBuildFile section */

/* Begin PBXContainerItemProxy section */
		03AF743D1F53DA8D00F89D7F /* PBXContainerItemProxy */ = {
			isa = PBXContainerItemProxy;
			containerPortal = 03AF741B1F53DA8C00F89D7F /* Project object */;
			proxyType = 1;
			remoteGlobalIDString = 03AF74221F53DA8C00F89D7F;
			remoteInfo = test;
		};
		03AF74481F53DA8D00F89D7F /* PBXContainerItemProxy */ = {
			isa = PBXContainerItemProxy;
			containerPortal = 03AF741B1F53DA8C00F89D7F /* Project object */;
			proxyType = 1;
			remoteGlobalIDString = 03AF74221F53DA8C00F89D7F;
			remoteInfo = test;
		};
/* End PBXContainerItemProxy section */

/* Begin PBXFileReference section */
		03AF74231F53DA8C00F89D7F /* test.app */ = {isa = PBXFileReference; explicitFileType = wrapper.application; includeInIndex = 0; path = test.app; sourceTree = BUILT_PRODUCTS_DIR; };
		03AF74271F53DA8C00F89D7F /* main.m */ = {isa = PBXFileReference; lastKnownFileType = sourcecode.c.objc; path = main.m; sourceTree = "<group>"; };
		03AF74291F53DA8C00F89D7F /* AppDelegate.h */ = {isa = PBXFileReference; lastKnownFileType = sourcecode.c.h; path = AppDelegate.h; sourceTree = "<group>"; };
		03AF742A1F53DA8C00F89D7F /* AppDelegate.m */ = {isa = PBXFileReference; lastKnownFileType = sourcecode.c.objc; path = AppDelegate.m; sourceTree = "<group>"; };
		03AF742C1F53DA8C00F89D7F /* ViewController.h */ = {isa = PBXFileReference; lastKnownFileType = sourcecode.c.h; path = ViewController.h; sourceTree = "<group>"; };
		03AF742D1F53DA8C00F89D7F /* ViewController.m */ = {isa = PBXFileReference; lastKnownFileType = sourcecode.c.objc; path = ViewController.m; sourceTree = "<group>"; };
		03AF74301F53DA8C00F89D7F /* Base */ = {isa = PBXFileReference; lastKnownFileType = file.storyboard; name = Base; path = Base.lproj/Main.storyboard; sourceTree = "<group>"; };
		03AF74321F53DA8C00F89D7F /* Assets.xcassets */ = {isa = PBXFileReference; lastKnownFileType = folder.assetcatalog; path = Assets.xcassets; sourceTree = "<group>"; };
		03AF74351F53DA8C00F89D7F /* Base */ = {isa = PBXFileReference; lastKnownFileType = file.storyboard; name = Base; path = Base.lproj/LaunchScreen.storyboard; sourceTree = "<group>"; };
		03AF74371F53DA8C00F89D7F /* Info.plist */ = {isa = PBXFileReference; lastKnownFileType = text.plist.xml; path = Info.plist; sourceTree = "<group>"; };
		03AF743C1F53DA8D00F89D7F /* testTests.xctest */ = {isa = PBXFileReference; explicitFileType = wrapper.cfbundle; includeInIndex = 0; path = testTests.xctest; sourceTree = BUILT_PRODUCTS_DIR; };
		03AF74401F53DA8D00F89D7F /* testTests.m */ = {isa = PBXFileReference; lastKnownFileType = sourcecode.c.objc; path = testTests.m; sourceTree = "<group>"; };
		03AF74421F53DA8D00F89D7F /* Info.plist */ = {isa = PBXFileReference; lastKnownFileType = text.plist.xml; path = Info.plist; sourceTree = "<group>"; };
		03AF74471F53DA8D00F89D7F /* testUITests.xctest */ = {isa = PBXFileReference; explicitFileType = wrapper.cfbundle; includeInIndex = 0; path = testUITests.xctest; sourceTree = BUILT_PRODUCTS_DIR; };
		03AF744B1F53DA8D00F89D7F /* testUITests.m */ = {isa = PBXFileReference; lastKnownFileType = sourcecode.c.objc; path = testUITests.m; sourceTree = "<group>"; };
		03AF744D1F53DA8D00F89D7F /* Info.plist */ = {isa = PBXFileReference; lastKnownFileType = text.plist.xml; path = Info.plist; sourceTree = "<group>"; };
		03AF745A1F53DB0B00F89D7F /* YBView.h */ = {isa = PBXFileReference; fileEncoding = 4; lastKnownFileType = sourcecode.c.h; path = YBView.h; sourceTree = "<group>"; };
		03AF745B1F53DB0B00F89D7F /* YBView.m */ = {isa = PBXFileReference; fileEncoding = 4; lastKnownFileType = sourcecode.c.objc; path = YBView.m; sourceTree = "<group>"; };
		03AF74631F53E1E500F89D7F /* YBView+Category.h */ = {isa = PBXFileReference; fileEncoding = 4; lastKnownFileType = sourcecode.c.h; path = "YBView+Category.h"; sourceTree = "<group>"; };
		03AF74641F53E1E500F89D7F /* YBView+Category.m */ = {isa = PBXFileReference; fileEncoding = 4; lastKnownFileType = sourcecode.c.objc; path = "YBView+Category.m"; sourceTree = "<group>"; };
		03AF746B1F541E8200F89D7F /* NSObject+Associated.h */ = {isa = PBXFileReference; fileEncoding = 4; lastKnownFileType = sourcecode.c.h; path = "NSObject+Associated.h"; sourceTree = "<group>"; };
		03AF746C1F541E8200F89D7F /* NSObject+Associated.m */ = {isa = PBXFileReference; fileEncoding = 4; lastKnownFileType = sourcecode.c.objc; path = "NSObject+Associated.m"; sourceTree = "<group>"; };
		03AF746F1F5429D000F89D7F /* YBAssociatedHeader.h */ = {isa = PBXFileReference; lastKnownFileType = sourcecode.c.h; path = YBAssociatedHeader.h; sourceTree = "<group>"; };
/* End PBXFileReference section */

/* Begin PBXFrameworksBuildPhase section */
		03AF74201F53DA8C00F89D7F /* Frameworks */ = {
			isa = PBXFrameworksBuildPhase;
			buildActionMask = 2147483647;
			files = (
			);
			runOnlyForDeploymentPostprocessing = 0;
		};
		03AF74391F53DA8D00F89D7F /* Frameworks */ = {
			isa = PBXFrameworksBuildPhase;
			buildActionMask = 2147483647;
			files = (
			);
			runOnlyForDeploymentPostprocessing = 0;
		};
		03AF74441F53DA8D00F89D7F /* Frameworks */ = {
			isa = PBXFrameworksBuildPhase;
			buildActionMask = 2147483647;
			files = (
			);
			runOnlyForDeploymentPostprocessing = 0;
		};
/* End PBXFrameworksBuildPhase section */

/* Begin PBXGroup section */
		03AF741A1F53DA8C00F89D7F = {
			isa = PBXGroup;
			children = (
				03AF74251F53DA8C00F89D7F /* test */,
				03AF743F1F53DA8D00F89D7F /* testTests */,
				03AF744A1F53DA8D00F89D7F /* testUITests */,
				03AF74241F53DA8C00F89D7F /* Products */,
			);
			sourceTree = "<group>";
		};
		03AF74241F53DA8C00F89D7F /* Products */ = {
			isa = PBXGroup;
			children = (
				03AF74231F53DA8C00F89D7F /* test.app */,
				03AF743C1F53DA8D00F89D7F /* testTests.xctest */,
				03AF74471F53DA8D00F89D7F /* testUITests.xctest */,
			);
			name = Products;
			sourceTree = "<group>";
		};
		03AF74251F53DA8C00F89D7F /* test */ = {
			isa = PBXGroup;
			children = (
				03AF746A1F541E8200F89D7F /* YBAssociated */,
				03AF74291F53DA8C00F89D7F /* AppDelegate.h */,
				03AF742A1F53DA8C00F89D7F /* AppDelegate.m */,
				03AF742C1F53DA8C00F89D7F /* ViewController.h */,
				03AF742D1F53DA8C00F89D7F /* ViewController.m */,
				03AF745A1F53DB0B00F89D7F /* YBView.h */,
				03AF745B1F53DB0B00F89D7F /* YBView.m */,
				03AF74631F53E1E500F89D7F /* YBView+Category.h */,
				03AF74641F53E1E500F89D7F /* YBView+Category.m */,
				03AF74261F53DA8C00F89D7F /* Supporting Files */,
			);
			path = test;
			sourceTree = "<group>";
		};
		03AF74261F53DA8C00F89D7F /* Supporting Files */ = {
			isa = PBXGroup;
			children = (
				03AF742F1F53DA8C00F89D7F /* Main.storyboard */,
				03AF74321F53DA8C00F89D7F /* Assets.xcassets */,
				03AF74341F53DA8C00F89D7F /* LaunchScreen.storyboard */,
				03AF74371F53DA8C00F89D7F /* Info.plist */,
				03AF74271F53DA8C00F89D7F /* main.m */,
			);
			name = "Supporting Files";
			sourceTree = "<group>";
		};
		03AF743F1F53DA8D00F89D7F /* testTests */ = {
			isa = PBXGroup;
			children = (
				03AF74401F53DA8D00F89D7F /* testTests.m */,
				03AF74421F53DA8D00F89D7F /* Info.plist */,
			);
			path = testTests;
			sourceTree = "<group>";
		};
		03AF744A1F53DA8D00F89D7F /* testUITests */ = {
			isa = PBXGroup;
			children = (
				03AF744B1F53DA8D00F89D7F /* testUITests.m */,
				03AF744D1F53DA8D00F89D7F /* Info.plist */,
			);
			path = testUITests;
			sourceTree = "<group>";
		};
		03AF746A1F541E8200F89D7F /* YBAssociated */ = {
			isa = PBXGroup;
			children = (
				03AF746F1F5429D000F89D7F /* YBAssociatedHeader.h */,
				03AF746B1F541E8200F89D7F /* NSObject+Associated.h */,
				03AF746C1F541E8200F89D7F /* NSObject+Associated.m */,
			);
			path = YBAssociated;
			sourceTree = "<group>";
		};
/* End PBXGroup section */

/* Begin PBXNativeTarget section */
		03AF74221F53DA8C00F89D7F /* test */ = {
			isa = PBXNativeTarget;
			buildConfigurationList = 03AF74501F53DA8D00F89D7F /* Build configuration list for PBXNativeTarget "test" */;
			buildPhases = (
				03AF741F1F53DA8C00F89D7F /* Sources */,
				03AF74201F53DA8C00F89D7F /* Frameworks */,
				03AF74211F53DA8C00F89D7F /* Resources */,
			);
			buildRules = (
			);
			dependencies = (
			);
			name = test;
			productName = test;
			productReference = 03AF74231F53DA8C00F89D7F /* test.app */;
			productType = "com.apple.product-type.application";
		};
		03AF743B1F53DA8D00F89D7F /* testTests */ = {
			isa = PBXNativeTarget;
			buildConfigurationList = 03AF74531F53DA8D00F89D7F /* Build configuration list for PBXNativeTarget "testTests" */;
			buildPhases = (
				03AF74381F53DA8D00F89D7F /* Sources */,
				03AF74391F53DA8D00F89D7F /* Frameworks */,
				03AF743A1F53DA8D00F89D7F /* Resources */,
			);
			buildRules = (
			);
			dependencies = (
				03AF743E1F53DA8D00F89D7F /* PBXTargetDependency */,
			);
			name = testTests;
			productName = testTests;
			productReference = 03AF743C1F53DA8D00F89D7F /* testTests.xctest */;
			productType = "com.apple.product-type.bundle.unit-test";
		};
		03AF74461F53DA8D00F89D7F /* testUITests */ = {
			isa = PBXNativeTarget;
			buildConfigurationList = 03AF74561F53DA8D00F89D7F /* Build configuration list for PBXNativeTarget "testUITests" */;
			buildPhases = (
				03AF74431F53DA8D00F89D7F /* Sources */,
				03AF74441F53DA8D00F89D7F /* Frameworks */,
				03AF74451F53DA8D00F89D7F /* Resources */,
			);
			buildRules = (
			);
			dependencies = (
				03AF74491F53DA8D00F89D7F /* PBXTargetDependency */,
			);
			name = testUITests;
			productName = testUITests;
			productReference = 03AF74471F53DA8D00F89D7F /* testUITests.xctest */;
			productType = "com.apple.product-type.bundle.ui-testing";
		};
/* End PBXNativeTarget section */

/* Begin PBXProject section */
		03AF741B1F53DA8C00F89D7F /* Project object */ = {
			isa = PBXProject;
			attributes = {
				LastUpgradeCheck = 0830;
				ORGANIZATIONNAME = "王颖博";
				TargetAttributes = {
					03AF74221F53DA8C00F89D7F = {
						CreatedOnToolsVersion = 8.3.3;
						DevelopmentTeam = 2T9CHG78WE;
						ProvisioningStyle = Automatic;
					};
					03AF743B1F53DA8D00F89D7F = {
						CreatedOnToolsVersion = 8.3.3;
						DevelopmentTeam = 2T9CHG78WE;
						ProvisioningStyle = Automatic;
						TestTargetID = 03AF74221F53DA8C00F89D7F;
					};
					03AF74461F53DA8D00F89D7F = {
						CreatedOnToolsVersion = 8.3.3;
						DevelopmentTeam = 2T9CHG78WE;
						ProvisioningStyle = Automatic;
						TestTargetID = 03AF74221F53DA8C00F89D7F;
					};
				};
			};
			buildConfigurationList = 03AF741E1F53DA8C00F89D7F /* Build configuration list for PBXProject "test" */;
			compatibilityVersion = "Xcode 3.2";
			developmentRegion = English;
			hasScannedForEncodings = 0;
			knownRegions = (
				en,
				Base,
			);
			mainGroup = 03AF741A1F53DA8C00F89D7F;
			productRefGroup = 03AF74241F53DA8C00F89D7F /* Products */;
			projectDirPath = "";
			projectRoot = "";
			targets = (
				03AF74221F53DA8C00F89D7F /* test */,
				03AF743B1F53DA8D00F89D7F /* testTests */,
				03AF74461F53DA8D00F89D7F /* testUITests */,
			);
		};
/* End PBXProject section */

/* Begin PBXResourcesBuildPhase section */
		03AF74211F53DA8C00F89D7F /* Resources */ = {
			isa = PBXResourcesBuildPhase;
			buildActionMask = 2147483647;
			files = (
				03AF74361F53DA8C00F89D7F /* LaunchScreen.storyboard in Resources */,
				03AF74331F53DA8C00F89D7F /* Assets.xcassets in Resources */,
				03AF74311F53DA8C00F89D7F /* Main.storyboard in Resources */,
			);
			runOnlyForDeploymentPostprocessing = 0;
		};
		03AF743A1F53DA8D00F89D7F /* Resources */ = {
			isa = PBXResourcesBuildPhase;
			buildActionMask = 2147483647;
			files = (
			);
			runOnlyForDeploymentPostprocessing = 0;
		};
		03AF74451F53DA8D00F89D7F /* Resources */ = {
			isa = PBXResourcesBuildPhase;
			buildActionMask = 2147483647;
			files = (
			);
			runOnlyForDeploymentPostprocessing = 0;
		};
/* End PBXResourcesBuildPhase section */

/* Begin PBXSourcesBuildPhase section */
		03AF741F1F53DA8C00F89D7F /* Sources */ = {
			isa = PBXSourcesBuildPhase;
			buildActionMask = 2147483647;
			files = (
				03AF742E1F53DA8C00F89D7F /* ViewController.m in Sources */,
				03AF746E1F541E8200F89D7F /* NSObject+Associated.m in Sources */,
				03AF745C1F53DB0B00F89D7F /* YBView.m in Sources */,
				03AF742B1F53DA8C00F89D7F /* AppDelegate.m in Sources */,
				03AF74281F53DA8C00F89D7F /* main.m in Sources */,
				03AF74651F53E1E500F89D7F /* YBView+Category.m in Sources */,
			);
			runOnlyForDeploymentPostprocessing = 0;
		};
		03AF74381F53DA8D00F89D7F /* Sources */ = {
			isa = PBXSourcesBuildPhase;
			buildActionMask = 2147483647;
			files = (
				03AF74411F53DA8D00F89D7F /* testTests.m in Sources */,
			);
			runOnlyForDeploymentPostprocessing = 0;
		};
		03AF74431F53DA8D00F89D7F /* Sources */ = {
			isa = PBXSourcesBuildPhase;
			buildActionMask = 2147483647;
			files = (
				03AF744C1F53DA8D00F89D7F /* testUITests.m in Sources */,
			);
			runOnlyForDeploymentPostprocessing = 0;
		};
/* End PBXSourcesBuildPhase section */

/* Begin PBXTargetDependency section */
		03AF743E1F53DA8D00F89D7F /* PBXTargetDependency */ = {
			isa = PBXTargetDependency;
			target = 03AF74221F53DA8C00F89D7F /* test */;
			targetProxy = 03AF743D1F53DA8D00F89D7F /* PBXContainerItemProxy */;
		};
		03AF74491F53DA8D00F89D7F /* PBXTargetDependency */ = {
			isa = PBXTargetDependency;
			target = 03AF74221F53DA8C00F89D7F /* test */;
			targetProxy = 03AF74481F53DA8D00F89D7F /* PBXContainerItemProxy */;
		};
/* End PBXTargetDependency section */

/* Begin PBXVariantGroup section */
		03AF742F1F53DA8C00F89D7F /* Main.storyboard */ = {
			isa = PBXVariantGroup;
			children = (
				03AF74301F53DA8C00F89D7F /* Base */,
			);
			name = Main.storyboard;
			sourceTree = "<group>";
		};
		03AF74341F53DA8C00F89D7F /* LaunchScreen.storyboard */ = {
			isa = PBXVariantGroup;
			children = (
				03AF74351F53DA8C00F89D7F /* Base */,
			);
			name = LaunchScreen.storyboard;
			sourceTree = "<group>";
		};
/* End PBXVariantGroup section */

/* Begin XCBuildConfiguration section */
		03AF744E1F53DA8D00F89D7F /* Debug */ = {
			isa = XCBuildConfiguration;
			buildSettings = {
				ALWAYS_SEARCH_USER_PATHS = NO;
				CLANG_ANALYZER_NONNULL = YES;
				CLANG_ANALYZER_NUMBER_OBJECT_CONVERSION = YES_AGGRESSIVE;
				CLANG_CXX_LANGUAGE_STANDARD = "gnu++0x";
				CLANG_CXX_LIBRARY = "libc++";
				CLANG_ENABLE_MODULES = YES;
				CLANG_ENABLE_OBJC_ARC = YES;
				CLANG_WARN_BOOL_CONVERSION = YES;
				CLANG_WARN_CONSTANT_CONVERSION = YES;
				CLANG_WARN_DIRECT_OBJC_ISA_USAGE = YES_ERROR;
				CLANG_WARN_DOCUMENTATION_COMMENTS = YES;
				CLANG_WARN_EMPTY_BODY = YES;
				CLANG_WARN_ENUM_CONVERSION = YES;
				CLANG_WARN_INFINITE_RECURSION = YES;
				CLANG_WARN_INT_CONVERSION = YES;
				CLANG_WARN_OBJC_ROOT_CLASS = YES_ERROR;
				CLANG_WARN_SUSPICIOUS_MOVE = YES;
				CLANG_WARN_UNREACHABLE_CODE = YES;
				CLANG_WARN__DUPLICATE_METHOD_MATCH = YES;
				"CODE_SIGN_IDENTITY[sdk=iphoneos*]" = "iPhone Developer";
				COPY_PHASE_STRIP = NO;
				DEBUG_INFORMATION_FORMAT = dwarf;
				ENABLE_STRICT_OBJC_MSGSEND = YES;
				ENABLE_TESTABILITY = YES;
				GCC_C_LANGUAGE_STANDARD = gnu99;
				GCC_DYNAMIC_NO_PIC = NO;
				GCC_NO_COMMON_BLOCKS = YES;
				GCC_OPTIMIZATION_LEVEL = 0;
				GCC_PREPROCESSOR_DEFINITIONS = (
					"DEBUG=1",
					"$(inherited)",
				);
				GCC_WARN_64_TO_32_BIT_CONVERSION = YES;
				GCC_WARN_ABOUT_RETURN_TYPE = YES_ERROR;
				GCC_WARN_UNDECLARED_SELECTOR = YES;
				GCC_WARN_UNINITIALIZED_AUTOS = YES_AGGRESSIVE;
				GCC_WARN_UNUSED_FUNCTION = YES;
				GCC_WARN_UNUSED_VARIABLE = YES;
				IPHONEOS_DEPLOYMENT_TARGET = 10.3;
				MTL_ENABLE_DEBUG_INFO = YES;
				ONLY_ACTIVE_ARCH = YES;
				SDKROOT = iphoneos;
				TARGETED_DEVICE_FAMILY = "1,2";
			};
			name = Debug;
		};
		03AF744F1F53DA8D00F89D7F /* Release */ = {
			isa = XCBuildConfiguration;
			buildSettings = {
				ALWAYS_SEARCH_USER_PATHS = NO;
				CLANG_ANALYZER_NONNULL = YES;
				CLANG_ANALYZER_NUMBER_OBJECT_CONVERSION = YES_AGGRESSIVE;
				CLANG_CXX_LANGUAGE_STANDARD = "gnu++0x";
				CLANG_CXX_LIBRARY = "libc++";
				CLANG_ENABLE_MODULES = YES;
				CLANG_ENABLE_OBJC_ARC = YES;
				CLANG_WARN_BOOL_CONVERSION = YES;
				CLANG_WARN_CONSTANT_CONVERSION = YES;
				CLANG_WARN_DIRECT_OBJC_ISA_USAGE = YES_ERROR;
				CLANG_WARN_DOCUMENTATION_COMMENTS = YES;
				CLANG_WARN_EMPTY_BODY = YES;
				CLANG_WARN_ENUM_CONVERSION = YES;
				CLANG_WARN_INFINITE_RECURSION = YES;
				CLANG_WARN_INT_CONVERSION = YES;
				CLANG_WARN_OBJC_ROOT_CLASS = YES_ERROR;
				CLANG_WARN_SUSPICIOUS_MOVE = YES;
				CLANG_WARN_UNREACHABLE_CODE = YES;
				CLANG_WARN__DUPLICATE_METHOD_MATCH = YES;
				"CODE_SIGN_IDENTITY[sdk=iphoneos*]" = "iPhone Developer";
				COPY_PHASE_STRIP = NO;
				DEBUG_INFORMATION_FORMAT = "dwarf-with-dsym";
				ENABLE_NS_ASSERTIONS = NO;
				ENABLE_STRICT_OBJC_MSGSEND = YES;
				GCC_C_LANGUAGE_STANDARD = gnu99;
				GCC_NO_COMMON_BLOCKS = YES;
				GCC_WARN_64_TO_32_BIT_CONVERSION = YES;
				GCC_WARN_ABOUT_RETURN_TYPE = YES_ERROR;
				GCC_WARN_UNDECLARED_SELECTOR = YES;
				GCC_WARN_UNINITIALIZED_AUTOS = YES_AGGRESSIVE;
				GCC_WARN_UNUSED_FUNCTION = YES;
				GCC_WARN_UNUSED_VARIABLE = YES;
				IPHONEOS_DEPLOYMENT_TARGET = 10.3;
				MTL_ENABLE_DEBUG_INFO = NO;
				SDKROOT = iphoneos;
				TARGETED_DEVICE_FAMILY = "1,2";
				VALIDATE_PRODUCT = YES;
			};
			name = Release;
		};
		03AF74511F53DA8D00F89D7F /* Debug */ = {
			isa = XCBuildConfiguration;
			buildSettings = {
				ASSETCATALOG_COMPILER_APPICON_NAME = AppIcon;
				DEVELOPMENT_TEAM = 2T9CHG78WE;
				INFOPLIST_FILE = test/Info.plist;
				LD_RUNPATH_SEARCH_PATHS = "$(inherited) @executable_path/Frameworks";
				PRODUCT_BUNDLE_IDENTIFIER = top.wangyingbo.www.test;
				PRODUCT_NAME = "$(TARGET_NAME)";
			};
			name = Debug;
		};
		03AF74521F53DA8D00F89D7F /* Release */ = {
			isa = XCBuildConfiguration;
			buildSettings = {
				ASSETCATALOG_COMPILER_APPICON_NAME = AppIcon;
				DEVELOPMENT_TEAM = 2T9CHG78WE;
				INFOPLIST_FILE = test/Info.plist;
				LD_RUNPATH_SEARCH_PATHS = "$(inherited) @executable_path/Frameworks";
				PRODUCT_BUNDLE_IDENTIFIER = top.wangyingbo.www.test;
				PRODUCT_NAME = "$(TARGET_NAME)";
			};
			name = Release;
		};
		03AF74541F53DA8D00F89D7F /* Debug */ = {
			isa = XCBuildConfiguration;
			buildSettings = {
				BUNDLE_LOADER = "$(TEST_HOST)";
				DEVELOPMENT_TEAM = 2T9CHG78WE;
				INFOPLIST_FILE = testTests/Info.plist;
				LD_RUNPATH_SEARCH_PATHS = "$(inherited) @executable_path/Frameworks @loader_path/Frameworks";
				PRODUCT_BUNDLE_IDENTIFIER = top.wangyingbo.www.testTests;
				PRODUCT_NAME = "$(TARGET_NAME)";
				TEST_HOST = "$(BUILT_PRODUCTS_DIR)/test.app/test";
			};
			name = Debug;
		};
		03AF74551F53DA8D00F89D7F /* Release */ = {
			isa = XCBuildConfiguration;
			buildSettings = {
				BUNDLE_LOADER = "$(TEST_HOST)";
				DEVELOPMENT_TEAM = 2T9CHG78WE;
				INFOPLIST_FILE = testTests/Info.plist;
				LD_RUNPATH_SEARCH_PATHS = "$(inherited) @executable_path/Frameworks @loader_path/Frameworks";
				PRODUCT_BUNDLE_IDENTIFIER = top.wangyingbo.www.testTests;
				PRODUCT_NAME = "$(TARGET_NAME)";
				TEST_HOST = "$(BUILT_PRODUCTS_DIR)/test.app/test";
			};
			name = Release;
		};
		03AF74571F53DA8D00F89D7F /* Debug */ = {
			isa = XCBuildConfiguration;
			buildSettings = {
				DEVELOPMENT_TEAM = 2T9CHG78WE;
				INFOPLIST_FILE = testUITests/Info.plist;
				LD_RUNPATH_SEARCH_PATHS = "$(inherited) @executable_path/Frameworks @loader_path/Frameworks";
				PRODUCT_BUNDLE_IDENTIFIER = top.wangyingbo.www.testUITests;
				PRODUCT_NAME = "$(TARGET_NAME)";
				TEST_TARGET_NAME = test;
			};
			name = Debug;
		};
		03AF74581F53DA8D00F89D7F /* Release */ = {
			isa = XCBuildConfiguration;
			buildSettings = {
				DEVELOPMENT_TEAM = 2T9CHG78WE;
				INFOPLIST_FILE = testUITests/Info.plist;
				LD_RUNPATH_SEARCH_PATHS = "$(inherited) @executable_path/Frameworks @loader_path/Frameworks";
				PRODUCT_BUNDLE_IDENTIFIER = top.wangyingbo.www.testUITests;
				PRODUCT_NAME = "$(TARGET_NAME)";
				TEST_TARGET_NAME = test;
			};
			name = Release;
		};
/* End XCBuildConfiguration section */

/* Begin XCConfigurationList section */
		03AF741E1F53DA8C00F89D7F /* Build configuration list for PBXProject "test" */ = {
			isa = XCConfigurationList;
			buildConfigurations = (
				03AF744E1F53DA8D00F89D7F /* Debug */,
				03AF744F1F53DA8D00F89D7F /* Release */,
			);
			defaultConfigurationIsVisible = 0;
			defaultConfigurationName = Release;
		};
		03AF74501F53DA8D00F89D7F /* Build configuration list for PBXNativeTarget "test" */ = {
			isa = XCConfigurationList;
			buildConfigurations = (
				03AF74511F53DA8D00F89D7F /* Debug */,
				03AF74521F53DA8D00F89D7F /* Release */,
			);
			defaultConfigurationIsVisible = 0;
			defaultConfigurationName = Release;
		};
		03AF74531F53DA8D00F89D7F /* Build configuration list for PBXNativeTarget "testTests" */ = {
			isa = XCConfigurationList;
			buildConfigurations = (
				03AF74541F53DA8D00F89D7F /* Debug */,
				03AF74551F53DA8D00F89D7F /* Release */,
			);
			defaultConfigurationIsVisible = 0;
			defaultConfigurationName = Release;
		};
		03AF74561F53DA8D00F89D7F /* Build configuration list for PBXNativeTarget "testUITests" */ = {
			isa = XCConfigurationList;
			buildConfigurations = (
				03AF74571F53DA8D00F89D7F /* Debug */,
				03AF74581F53DA8D00F89D7F /* Release */,
			);
			defaultConfigurationIsVisible = 0;
			defaultConfigurationName = Release;
		};
/* End XCConfigurationList section */
	};
	rootObject = 03AF741B1F53DA8C00F89D7F /* Project object */;
}
